
Microsoft Visual Studio Solution File, Format Version 12.00
# Visual Studio 2015
Project("{FAE04EC0-301F-11D3-BF4B-00C04F79EFBC}") = "2D.CSharp", "2D.CSharp.csproj", "{FC7B7C4D-E16A-70F7-21CE-05DF1D821BA6}"
EndProject
Project("{FAE04EC0-301F-11D3-BF4B-00C04F79EFBC}") = "2D.CSharp.Editor", "2D.CSharp.Editor.csproj", "{C51A964A-3A1F-6C3D-20A6-7480FD12A751}"
EndProject
Global
	GlobalSection(SolutionConfigurationPlatforms) = preSolution
		Debug|Any CPU = Debug|Any CPU
		Release|Any CPU = Release|Any CPU
	EndGlobalSection
	GlobalSection(ProjectConfigurationPlatforms) = postSolution
		{FC7B7C4D-E16A-70F7-21CE-05DF1D821BA6}.Debug|Any CPU.ActiveCfg = Debug|Any CPU
		{FC7B7C4D-E16A-70F7-21CE-05DF1D821BA6}.Debug|Any CPU.Build.0 = Debug|Any CPU
		{FC7B7C4D-E16A-70F7-21CE-05DF1D821BA6}.Release|Any CPU.ActiveCfg = Release|Any CPU
		{FC7B7C4D-E16A-70F7-21CE-05DF1D821BA6}.Release|Any CPU.Build.0 = Release|Any CPU
		{C51A964A-3A1F-6C3D-20A6-7480FD12A751}.Debug|Any CPU.ActiveCfg = Debug|Any CPU
		{C51A964A-3A1F-6C3D-20A6-7480FD12A751}.Debug|Any CPU.Build.0 = Debug|Any CPU
		{C51A964A-3A1F-6C3D-20A6-7480FD12A751}.Release|Any CPU.ActiveCfg = Release|Any CPU
		{C51A964A-3A1F-6C3D-20A6-7480FD12A751}.Release|Any CPU.Build.0 = Release|Any CPU
	EndGlobalSection
	GlobalSection(SolutionProperties) = preSolution
		HideSolutionNode = FALSE
	EndGlobalSection
EndGlobal
